
Microsoft Visual Studio Solution File, Format Version 12.00
Project("{FAE04EC0-301F-11D3-BF4B-00C04F79EFBC}") = "ISO4217.Generator", "ISO4217.Generator\ISO4217.Generator.csproj", "{67649A32-3F28-4C9D-9B19-E7711A6D34FC}"
EndProject
Global
	GlobalSection(SolutionConfigurationPlatforms) = preSolution
		Debug|Any CPU = Debug|Any CPU
		Release|Any CPU = Release|Any CPU
	EndGlobalSection
	GlobalSection(ProjectConfigurationPlatforms) = postSolution
		{67649A32-3F28-4C9D-9B19-E7711A6D34FC}.Debug|Any CPU.ActiveCfg = Debug|Any CPU
		{67649A32-3F28-4C9D-9B19-E7711A6D34FC}.Debug|Any CPU.Build.0 = Debug|Any CPU
		{67649A32-3F28-4C9D-9B19-E7711A6D34FC}.Release|Any CPU.ActiveCfg = Release|Any CPU
		{67649A32-3F28-4C9D-9B19-E7711A6D34FC}.Release|Any CPU.Build.0 = Release|Any CPU
	EndGlobalSection
EndGlobal
